
Microsoft Visual Studio Solution File, Format Version 12.00
# Visual Studio 15
VisualStudioVersion = 15.0.28307.779
MinimumVisualStudioVersion = 10.0.40219.1
Project("{FAE04EC0-301F-11D3-BF4B-00C04F79EFBC}") = "BFS", "BFS\BFS.csproj", "{98B21B53-D47D-43C6-A833-6459C66EB98D}"
EndProject
Global
	GlobalSection(SolutionConfigurationPlatforms) = preSolution
		Debug|Any CPU = Debug|Any CPU
		Release|Any CPU = Release|Any CPU
	EndGlobalSection
	GlobalSection(ProjectConfigurationPlatforms) = postSolution
		{98B21B53-D47D-43C6-A833-6459C66EB98D}.Debug|Any CPU.ActiveCfg = Debug|Any CPU
		{98B21B53-D47D-43C6-A833-6459C66EB98D}.Debug|Any CPU.Build.0 = Debug|Any CPU
		{98B21B53-D47D-43C6-A833-6459C66EB98D}.Release|Any CPU.ActiveCfg = Release|Any CPU
		{98B21B53-D47D-43C6-A833-6459C66EB98D}.Release|Any CPU.Build.0 = Release|Any CPU
	EndGlobalSection
	GlobalSection(SolutionProperties) = preSolution
		HideSolutionNode = FALSE
	EndGlobalSection
	GlobalSection(ExtensibilityGlobals) = postSolution
		SolutionGuid = {392BD69A-E324-45CD-8710-AEF40A9A70D5}
	EndGlobalSection
EndGlobal
